---
lockfileVersion: 1
lockfileVendor: redhat
arches:
- arch: x86_64
  packages:
  - url: https://cdn.redhat.com/content/dist/rhel9/9/x86_64/baseos/os/Packages/h/hwdata-0.348-9.15.el9.noarch.rpm
    repoid: rhel-9-for-x86_64-baseos-rpms
    size: 1699184
    checksum: sha256:cadff207e77de9ce3b5867113632655c2aa74a060c959c063f2658a45a94090d
    name: hwdata
    evr: 0.348-9.15.el9
    sourcerpm: hwdata-0.348-9.15.el9.src.rpm
  source:
  - url: https://cdn.redhat.com/content/dist/rhel9/9/x86_64/baseos/source/SRPMS/Packages/h/hwdata-0.348-9.15.el9.src.rpm
    repoid: rhel-9-for-x86_64-baseos-source-rpms
    size: 2461662
    checksum: sha256:2b6d8f8811157db376bd790daa3e1504e0d6a2356a309f08569f94a979484d00
    name: hwdata
    evr: 0.348-9.15.el9
  module_metadata: []
